<?xml version="1.0" encoding="utf-8"?>
<Project ToolsVersion="4.0" xmlns="http://schemas.microsoft.com/developer/msbuild/2003">
  <ItemGroup>
    <Filter Include="Source Files">
      <UniqueIdentifier>{4FC737F1-C7A5-4376-A066-2A32D752A2FF}</UniqueIdentifier>
      <Extensions>cpp;c;cc;cxx;c++;cppm;ixx;def;odl;idl;hpj;bat;asm;asmx</Extensions>
    </Filter>
    <Filter Include="Header Files">
      <UniqueIdentifier>{93995380-89BD-4b04-88EB-625FBE52EBFB}</UniqueIdentifier>
      <Extensions>h;hh;hpp;hxx;h++;hm;inl;inc;ipp;xsd</Extensions>
    </Filter>
    <Filter Include="Resource Files">
      <UniqueIdentifier>{67DA6AB6-F800-4c08-8B7A-83BB121AAD01}</UniqueIdentifier>
      <Extensions>rc;ico;cur;bmp;dlg;rc2;rct;bin;rgs;gif;jpg;jpeg;jpe;resx;tiff;tif;png;wav;mfcribbon-ms</Extensions>
    </Filter>
    <Filter Include="Source Files\imgui">
      <UniqueIdentifier>{2eb03003-8d83-4dda-8ede-224516c920f0}</UniqueIdentifier>
    </Filter>
    <Filter Include="Header Files\imgui">
      <UniqueIdentifier>{37d6ec36-4672-426b-a08b-5671c7c8847f}</UniqueIdentifier>
    </Filter>
    <Filter Include="Source Files\Shadersource">
      <UniqueIdentifier>{7b084677-eab2-4fba-a1e0-b26b344b2f7e}</UniqueIdentifier>
    </Filter>
    <Filter Include="Source Files\all scripts">
      <UniqueIdentifier>{cf02cb0b-f556-4993-ab28-47c3630beb97}</UniqueIdentifier>
    </Filter>
    <Filter Include="Resource Files\textures">
      <UniqueIdentifier>{32c7c4d3-47e6-417a-8233-a7918f9a2bed}</UniqueIdentifier>
    </Filter>
  </ItemGroup>
  <ItemGroup>
    <ClCompile Include="Source.cpp">
      <Filter>Source Files</Filter>
    </ClCompile>
    <ClCompile Include="..\ExternalLibs\gui\imgui.cpp">
      <Filter>Source Files\imgui</Filter>
    </ClCompile>
    <ClCompile Include="..\ExternalLibs\gui\imgui_demo.cpp">
      <Filter>Source Files\imgui</Filter>
    </ClCompile>
    <ClCompile Include="..\ExternalLibs\gui\imgui_draw.cpp">
      <Filter>Source Files\imgui</Filter>
    </ClCompile>
    <ClCompile Include="..\ExternalLibs\gui\imgui_impl_glfw.cpp">
      <Filter>Source Files\imgui</Filter>
    </ClCompile>
    <ClCompile Include="..\ExternalLibs\gui\imgui_impl_opengl3.cpp">
      <Filter>Source Files\imgui</Filter>
    </ClCompile>
    <ClCompile Include="..\ExternalLibs\gui\imgui_tables.cpp">
      <Filter>Source Files\imgui</Filter>
    </ClCompile>
    <ClCompile Include="..\ExternalLibs\gui\imgui_widgets.cpp">
      <Filter>Source Files\imgui</Filter>
    </ClCompile>
    <ClCompile Include="..\ExternalLibs\gui\imgui_stdlib.cpp">
      <Filter>Source Files\imgui</Filter>
    </ClCompile>
    <ClCompile Include="App.cpp">
      <Filter>Source Files</Filter>
    </ClCompile>
    <ClCompile Include="Global_Variables.cpp">
      <Filter>Source Files</Filter>
    </ClCompile>
    <ClCompile Include="Window.cpp">
      <Filter>Source Files</Filter>
    </ClCompile>
    <ClCompile Include="Shaders.cpp">
      <Filter>Source Files</Filter>
    </ClCompile>
    <ClCompile Include="Widgets.cpp">
      <Filter>Source Files</Filter>
    </ClCompile>
    <ClCompile Include="Mesh.cpp">
      <Filter>Source Files</Filter>
    </ClCompile>
    <ClCompile Include="Engine.cpp">
      <Filter>Source Files</Filter>
    </ClCompile>
    <ClCompile Include="Camera.cpp">
      <Filter>Source Files</Filter>
    </ClCompile>
    <ClCompile Include="Source1.cpp">
      <Filter>Source Files</Filter>
    </ClCompile>
    <ClCompile Include="MajikCollisionsDetection.cpp">
      <Filter>Source Files</Filter>
    </ClCompile>
    <ClCompile Include="PhysicsWorld.cpp">
      <Filter>Source Files</Filter>
    </ClCompile>
    <ClCompile Include="Sat_test.cpp">
      <Filter>Source Files</Filter>
    </ClCompile>
    <ClCompile Include="..\ExternalLibs\quickhull\QuickHull.cpp">
      <Filter>Source Files</Filter>
    </ClCompile>
    <ClCompile Include="ScriptingArea.cpp">
      <Filter>Source Files</Filter>
    </ClCompile>
    <ClCompile Include="..\ExternalLibs\gui\TextEditor.cpp">
      <Filter>Source Files\imgui</Filter>
    </ClCompile>
    <ClCompile Include="Extra_Math.cpp">
      <Filter>Source Files</Filter>
    </ClCompile>
    <ClCompile Include="WidgetAddMesh.cpp">
      <Filter>Source Files</Filter>
    </ClCompile>
    <ClCompile Include="PhysicsHandler.cpp">
      <Filter>Source Files</Filter>
    </ClCompile>
    <ClCompile Include="SwarmDemo.cpp">
      <Filter>Source Files</Filter>
    </ClCompile>
    <ClCompile Include="implot.cpp">
      <Filter>Source Files\imgui</Filter>
    </ClCompile>
    <ClCompile Include="implot_items.cpp">
      <Filter>Source Files\imgui</Filter>
    </ClCompile>
  </ItemGroup>
  <ItemGroup>
    <ClInclude Include="..\ExternalLibs\gui\imgui.h">
      <Filter>Header Files\imgui</Filter>
    </ClInclude>
    <ClInclude Include="..\ExternalLibs\gui\imgui_impl_glfw.h">
      <Filter>Header Files\imgui</Filter>
    </ClInclude>
    <ClInclude Include="..\ExternalLibs\gui\imgui_impl_opengl3.h">
      <Filter>Header Files\imgui</Filter>
    </ClInclude>
    <ClInclude Include="..\ExternalLibs\gui\imgui_impl_opengl3_loader.h">
      <Filter>Header Files\imgui</Filter>
    </ClInclude>
    <ClInclude Include="..\ExternalLibs\gui\imgui_internal.h">
      <Filter>Header Files\imgui</Filter>
    </ClInclude>
    <ClInclude Include="..\ExternalLibs\gui\imstb_rectpack.h">
      <Filter>Header Files\imgui</Filter>
    </ClInclude>
    <ClInclude Include="..\ExternalLibs\gui\imstb_textedit.h">
      <Filter>Header Files\imgui</Filter>
    </ClInclude>
    <ClInclude Include="..\ExternalLibs\gui\imstb_truetype.h">
      <Filter>Header Files\imgui</Filter>
    </ClInclude>
    <ClInclude Include="..\ExternalLibs\gui\imconfig.h">
      <Filter>Header Files\imgui</Filter>
    </ClInclude>
    <ClInclude Include="..\ExternalLibs\gui\imgui_stdlib.h">
      <Filter>Header Files\imgui</Filter>
    </ClInclude>
    <ClInclude Include="App.h">
      <Filter>Header Files</Filter>
    </ClInclude>
    <ClInclude Include="Global_Variables.h">
      <Filter>Header Files</Filter>
    </ClInclude>
    <ClInclude Include="Window.h">
      <Filter>Header Files</Filter>
    </ClInclude>
    <ClInclude Include="Shaders.h">
      <Filter>Header Files</Filter>
    </ClInclude>
    <ClInclude Include="Widgets.h">
      <Filter>Header Files</Filter>
    </ClInclude>
    <ClInclude Include="Mesh.h">
      <Filter>Header Files</Filter>
    </ClInclude>
    <ClInclude Include="Engine.h">
      <Filter>Header Files</Filter>
    </ClInclude>
    <ClInclude Include="Camera.h">
      <Filter>Header Files</Filter>
    </ClInclude>
    <ClInclude Include="DemoMesh.h">
      <Filter>Header Files</Filter>
    </ClInclude>
    <ClInclude Include="MajikBody.h">
      <Filter>Header Files</Filter>
    </ClInclude>
    <ClInclude Include="MajikCollisionsDetection.h">
      <Filter>Header Files</Filter>
    </ClInclude>
    <ClInclude Include="DrawPoint.h">
      <Filter>Header Files</Filter>
    </ClInclude>
    <ClInclude Include="PhysicsWorld.h">
      <Filter>Header Files</Filter>
    </ClInclude>
    <ClInclude Include="PhysicsHeaders.h">
      <Filter>Header Files</Filter>
    </ClInclude>
    <ClInclude Include="ScriptingArea.h">
      <Filter>Header Files</Filter>
    </ClInclude>
    <ClInclude Include="..\ExternalLibs\gui\TextEditor.h">
      <Filter>Header Files\imgui</Filter>
    </ClInclude>
    <ClInclude Include="Extra_Math.h">
      <Filter>Header Files</Filter>
    </ClInclude>
    <ClInclude Include="F:\DownloadChrome\implot-master\implot-master\implot.h">
      <Filter>Header Files\imgui</Filter>
    </ClInclude>
    <ClInclude Include="F:\DownloadChrome\implot-master\implot-master\implot_internal.h">
      <Filter>Header Files\imgui</Filter>
    </ClInclude>
    <ClInclude Include="WidgetAddMesh.h">
      <Filter>Header Files</Filter>
    </ClInclude>
    <ClInclude Include="PhysicsHandler.h">
      <Filter>Header Files</Filter>
    </ClInclude>
    <ClInclude Include="SwarmDemo.h">
      <Filter>Header Files</Filter>
    </ClInclude>
  </ItemGroup>
  <ItemGroup>
    <None Include="vertexshader.glsl">
      <Filter>Source Files\Shadersource</Filter>
    </None>
    <None Include="fragmentshader.glsl">
      <Filter>Source Files\Shadersource</Filter>
    </None>
    <None Include="pickingfs.glsl">
      <Filter>Source Files\Shadersource</Filter>
    </None>
    <None Include="pickingvs.glsl">
      <Filter>Source Files\Shadersource</Filter>
    </None>
    <None Include="outlinevs.glsl">
      <Filter>Source Files\Shadersource</Filter>
    </None>
    <None Include="outlinefs.glsl">
      <Filter>Source Files\Shadersource</Filter>
    </None>
    <None Include="lightingfs.glsl">
      <Filter>Source Files\Shadersource</Filter>
    </None>
    <None Include="lightingvs.glsl">
      <Filter>Source Files\Shadersource</Filter>
    </None>
    <None Include="pvector.py">
      <Filter>Source Files\all scripts</Filter>
    </None>
  </ItemGroup>
  <ItemGroup>
    <Font Include="F:\DownloadChrome\short-baby-font\ShortBaby-Mg2w.ttf">
      <Filter>Source Files\all scripts</Filter>
    </Font>
  </ItemGroup>
  <ItemGroup>
    <Image Include="..\ExternalLibs\freedom-font\11.png">
      <Filter>Source Files</Filter>
    </Image>
  </ItemGroup>
</Project>